
Microsoft Visual Studio Solution File, Format Version 12.00
# Visual Studio Version 17
VisualStudioVersion = 17.6.33815.320
MinimumVisualStudioVersion = 10.0.40219.1
Project("{FAE04EC0-301F-11D3-BF4B-00C04F79EFBC}") = "program-one-first-estel-script", "program-one-first-estel-script.csproj", "{6C16ADD0-844F-4467-9980-63DC3CE3CD15}"
EndProject
Global
	GlobalSection(SolutionConfigurationPlatforms) = preSolution
		Debug|Any CPU = Debug|Any CPU
		Release|Any CPU = Release|Any CPU
	EndGlobalSection
	GlobalSection(ProjectConfigurationPlatforms) = postSolution
		{6C16ADD0-844F-4467-9980-63DC3CE3CD15}.Debug|Any CPU.ActiveCfg = Debug|Any CPU
		{6C16ADD0-844F-4467-9980-63DC3CE3CD15}.Debug|Any CPU.Build.0 = Debug|Any CPU
		{6C16ADD0-844F-4467-9980-63DC3CE3CD15}.Release|Any CPU.ActiveCfg = Release|Any CPU
		{6C16ADD0-844F-4467-9980-63DC3CE3CD15}.Release|Any CPU.Build.0 = Release|Any CPU
	EndGlobalSection
	GlobalSection(SolutionProperties) = preSolution
		HideSolutionNode = FALSE
	EndGlobalSection
	GlobalSection(ExtensibilityGlobals) = postSolution
		SolutionGuid = {39022F4D-7BF0-4152-A285-BEA25E97CCB0}
	EndGlobalSection
EndGlobal
